
Microsoft Visual Studio Solution File, Format Version 12.00
# Visual Studio 15
VisualStudioVersion = 15.0.27703.2026
MinimumVisualStudioVersion = 10.0.40219.1
Project("{9A19103F-16F7-4668-BE54-9A1E7A4F7556}") = "Otc.ExceptionHandling.Abstractions", "Otc.ExceptionHandling.Abstractions\Otc.ExceptionHandling.Abstractions.csproj", "{AE02C5A1-69F6-4502-9C9D-78CB2E9625CB}"
EndProject
Project("{9A19103F-16F7-4668-BE54-9A1E7A4F7556}") = "Otc.ExceptionHandling", "Otc.ExceptionHandling\Otc.ExceptionHandling.csproj", "{79859482-09BE-4C3E-ACB6-1CEC5A54DDC5}"
EndProject
Project("{9A19103F-16F7-4668-BE54-9A1E7A4F7556}") = "Otc.Mvc.Filters", "Otc.Mvc.Filters\Otc.Mvc.Filters.csproj", "{64D6B8E3-09E7-48C6-BF1A-99EF6806F67B}"
EndProject
Project("{9A19103F-16F7-4668-BE54-9A1E7A4F7556}") = "Otc.SwaggerSchemaFiltering", "Otc.SwaggerSchemaFiltering\Otc.SwaggerSchemaFiltering.csproj", "{3ED1D9D7-CEDE-4836-AADF-01DE6A48CE30}"
EndProject
Global
	GlobalSection(SolutionConfigurationPlatforms) = preSolution
		Debug|Any CPU = Debug|Any CPU
		Release|Any CPU = Release|Any CPU
	EndGlobalSection
	GlobalSection(ProjectConfigurationPlatforms) = postSolution
		{AE02C5A1-69F6-4502-9C9D-78CB2E9625CB}.Debug|Any CPU.ActiveCfg = Debug|Any CPU
		{AE02C5A1-69F6-4502-9C9D-78CB2E9625CB}.Debug|Any CPU.Build.0 = Debug|Any CPU
		{AE02C5A1-69F6-4502-9C9D-78CB2E9625CB}.Release|Any CPU.ActiveCfg = Release|Any CPU
		{AE02C5A1-69F6-4502-9C9D-78CB2E9625CB}.Release|Any CPU.Build.0 = Release|Any CPU
		{79859482-09BE-4C3E-ACB6-1CEC5A54DDC5}.Debug|Any CPU.ActiveCfg = Debug|Any CPU
		{79859482-09BE-4C3E-ACB6-1CEC5A54DDC5}.Debug|Any CPU.Build.0 = Debug|Any CPU
		{79859482-09BE-4C3E-ACB6-1CEC5A54DDC5}.Release|Any CPU.ActiveCfg = Release|Any CPU
		{79859482-09BE-4C3E-ACB6-1CEC5A54DDC5}.Release|Any CPU.Build.0 = Release|Any CPU
		{64D6B8E3-09E7-48C6-BF1A-99EF6806F67B}.Debug|Any CPU.ActiveCfg = Debug|Any CPU
		{64D6B8E3-09E7-48C6-BF1A-99EF6806F67B}.Debug|Any CPU.Build.0 = Debug|Any CPU
		{64D6B8E3-09E7-48C6-BF1A-99EF6806F67B}.Release|Any CPU.ActiveCfg = Release|Any CPU
		{64D6B8E3-09E7-48C6-BF1A-99EF6806F67B}.Release|Any CPU.Build.0 = Release|Any CPU
		{3ED1D9D7-CEDE-4836-AADF-01DE6A48CE30}.Debug|Any CPU.ActiveCfg = Debug|Any CPU
		{3ED1D9D7-CEDE-4836-AADF-01DE6A48CE30}.Debug|Any CPU.Build.0 = Debug|Any CPU
		{3ED1D9D7-CEDE-4836-AADF-01DE6A48CE30}.Release|Any CPU.ActiveCfg = Release|Any CPU
		{3ED1D9D7-CEDE-4836-AADF-01DE6A48CE30}.Release|Any CPU.Build.0 = Release|Any CPU
	EndGlobalSection
	GlobalSection(SolutionProperties) = preSolution
		HideSolutionNode = FALSE
	EndGlobalSection
	GlobalSection(ExtensibilityGlobals) = postSolution
		SolutionGuid = {666CFA44-7D4A-4763-B742-0C170D6C1D6F}
	EndGlobalSection
EndGlobal
